
Microsoft Visual Studio Solution File, Format Version 12.00
# Visual Studio Version 16
VisualStudioVersion = 16.0.29905.134
MinimumVisualStudioVersion = 10.0.40219.1
Project("{8BC9CEB8-8B4A-11D0-8D11-00A0C91BC942}") = "đồ án 2", "đồ án 2.vcxproj", "{DACE175A-6741-4102-87E4-6C07A6B37A42}"
EndProject
Global
	GlobalSection(SolutionConfigurationPlatforms) = preSolution
		Debug|x64 = Debug|x64
		Debug|x86 = Debug|x86
		Release|x64 = Release|x64
		Release|x86 = Release|x86
	EndGlobalSection
	GlobalSection(ProjectConfigurationPlatforms) = postSolution
		{DACE175A-6741-4102-87E4-6C07A6B37A42}.Debug|x64.ActiveCfg = Debug|x64
		{DACE175A-6741-4102-87E4-6C07A6B37A42}.Debug|x64.Build.0 = Debug|x64
		{DACE175A-6741-4102-87E4-6C07A6B37A42}.Debug|x86.ActiveCfg = Debug|Win32
		{DACE175A-6741-4102-87E4-6C07A6B37A42}.Debug|x86.Build.0 = Debug|Win32
		{DACE175A-6741-4102-87E4-6C07A6B37A42}.Release|x64.ActiveCfg = Release|x64
		{DACE175A-6741-4102-87E4-6C07A6B37A42}.Release|x64.Build.0 = Release|x64
		{DACE175A-6741-4102-87E4-6C07A6B37A42}.Release|x86.ActiveCfg = Release|Win32
		{DACE175A-6741-4102-87E4-6C07A6B37A42}.Release|x86.Build.0 = Release|Win32
	EndGlobalSection
	GlobalSection(SolutionProperties) = preSolution
		HideSolutionNode = FALSE
	EndGlobalSection
	GlobalSection(ExtensibilityGlobals) = postSolution
		SolutionGuid = {65CE8FFE-49B5-4AB3-97F5-914795110F14}
	EndGlobalSection
EndGlobal
